
Microsoft Visual Studio Solution File, Format Version 12.00
# Visual Studio Version 17
Project("{2150E333-8FDC-42A3-9474-1A3956D46DE8}") = "CMakePredefinedTargets", "CMakePredefinedTargets", "{841F7C91-1D32-3C99-B1AB-E08ECDFC1F85}"
EndProject
Project("{8BC9CEB8-8B4A-11D0-8D11-00A0C91BC942}") = "ALL_BUILD", "ALL_BUILD.vcxproj", "{1C0F2EAD-8552-39A9-B572-FA5066B5BE4D}"
	ProjectSection(ProjectDependencies) = postProject
		{2165BE84-1C2C-3EFF-9F49-68B222C5F80A} = {2165BE84-1C2C-3EFF-9F49-68B222C5F80A}
		{A5C614CC-F274-3AA0-884E-40630ED7E46D} = {A5C614CC-F274-3AA0-884E-40630ED7E46D}
	EndProjectSection
EndProject
Project("{8BC9CEB8-8B4A-11D0-8D11-00A0C91BC942}") = "INSTALL", "INSTALL.vcxproj", "{B06A14CF-F422-30AC-8985-E456F6DDF335}"
	ProjectSection(ProjectDependencies) = postProject
		{1C0F2EAD-8552-39A9-B572-FA5066B5BE4D} = {1C0F2EAD-8552-39A9-B572-FA5066B5BE4D}
		{2165BE84-1C2C-3EFF-9F49-68B222C5F80A} = {2165BE84-1C2C-3EFF-9F49-68B222C5F80A}
	EndProjectSection
EndProject
Project("{8BC9CEB8-8B4A-11D0-8D11-00A0C91BC942}") = "ZERO_CHECK", "..\..\\ZERO_CHECK.vcxproj", "{2165BE84-1C2C-3EFF-9F49-68B222C5F80A}"
	ProjectSection(ProjectDependencies) = postProject
	EndProjectSection
EndProject
Project("{8BC9CEB8-8B4A-11D0-8D11-00A0C91BC942}") = "reactphysics3d", "reactphysics3d.vcxproj", "{A5C614CC-F274-3AA0-884E-40630ED7E46D}"
	ProjectSection(ProjectDependencies) = postProject
		{2165BE84-1C2C-3EFF-9F49-68B222C5F80A} = {2165BE84-1C2C-3EFF-9F49-68B222C5F80A}
	EndProjectSection
EndProject
Global
	GlobalSection(SolutionConfigurationPlatforms) = preSolution
		Debug|x64 = Debug|x64
		Release|x64 = Release|x64
		MinSizeRel|x64 = MinSizeRel|x64
		RelWithDebInfo|x64 = RelWithDebInfo|x64
	EndGlobalSection
	GlobalSection(ProjectConfigurationPlatforms) = postSolution
		{1C0F2EAD-8552-39A9-B572-FA5066B5BE4D}.Debug|x64.ActiveCfg = Debug|x64
		{1C0F2EAD-8552-39A9-B572-FA5066B5BE4D}.Debug|x64.Build.0 = Debug|x64
		{1C0F2EAD-8552-39A9-B572-FA5066B5BE4D}.Release|x64.ActiveCfg = Release|x64
		{1C0F2EAD-8552-39A9-B572-FA5066B5BE4D}.Release|x64.Build.0 = Release|x64
		{1C0F2EAD-8552-39A9-B572-FA5066B5BE4D}.MinSizeRel|x64.ActiveCfg = MinSizeRel|x64
		{1C0F2EAD-8552-39A9-B572-FA5066B5BE4D}.MinSizeRel|x64.Build.0 = MinSizeRel|x64
		{1C0F2EAD-8552-39A9-B572-FA5066B5BE4D}.RelWithDebInfo|x64.ActiveCfg = RelWithDebInfo|x64
		{1C0F2EAD-8552-39A9-B572-FA5066B5BE4D}.RelWithDebInfo|x64.Build.0 = RelWithDebInfo|x64
		{B06A14CF-F422-30AC-8985-E456F6DDF335}.Debug|x64.ActiveCfg = Debug|x64
		{B06A14CF-F422-30AC-8985-E456F6DDF335}.Release|x64.ActiveCfg = Release|x64
		{B06A14CF-F422-30AC-8985-E456F6DDF335}.MinSizeRel|x64.ActiveCfg = MinSizeRel|x64
		{B06A14CF-F422-30AC-8985-E456F6DDF335}.RelWithDebInfo|x64.ActiveCfg = RelWithDebInfo|x64
		{2165BE84-1C2C-3EFF-9F49-68B222C5F80A}.Debug|x64.ActiveCfg = Debug|x64
		{2165BE84-1C2C-3EFF-9F49-68B222C5F80A}.Debug|x64.Build.0 = Debug|x64
		{2165BE84-1C2C-3EFF-9F49-68B222C5F80A}.Release|x64.ActiveCfg = Release|x64
		{2165BE84-1C2C-3EFF-9F49-68B222C5F80A}.Release|x64.Build.0 = Release|x64
		{2165BE84-1C2C-3EFF-9F49-68B222C5F80A}.MinSizeRel|x64.ActiveCfg = MinSizeRel|x64
		{2165BE84-1C2C-3EFF-9F49-68B222C5F80A}.MinSizeRel|x64.Build.0 = MinSizeRel|x64
		{2165BE84-1C2C-3EFF-9F49-68B222C5F80A}.RelWithDebInfo|x64.ActiveCfg = RelWithDebInfo|x64
		{2165BE84-1C2C-3EFF-9F49-68B222C5F80A}.RelWithDebInfo|x64.Build.0 = RelWithDebInfo|x64
		{A5C614CC-F274-3AA0-884E-40630ED7E46D}.Debug|x64.ActiveCfg = Debug|x64
		{A5C614CC-F274-3AA0-884E-40630ED7E46D}.Debug|x64.Build.0 = Debug|x64
		{A5C614CC-F274-3AA0-884E-40630ED7E46D}.Release|x64.ActiveCfg = Release|x64
		{A5C614CC-F274-3AA0-884E-40630ED7E46D}.Release|x64.Build.0 = Release|x64
		{A5C614CC-F274-3AA0-884E-40630ED7E46D}.MinSizeRel|x64.ActiveCfg = MinSizeRel|x64
		{A5C614CC-F274-3AA0-884E-40630ED7E46D}.MinSizeRel|x64.Build.0 = MinSizeRel|x64
		{A5C614CC-F274-3AA0-884E-40630ED7E46D}.RelWithDebInfo|x64.ActiveCfg = RelWithDebInfo|x64
		{A5C614CC-F274-3AA0-884E-40630ED7E46D}.RelWithDebInfo|x64.Build.0 = RelWithDebInfo|x64
	EndGlobalSection
	GlobalSection(NestedProjects) = preSolution
		{1C0F2EAD-8552-39A9-B572-FA5066B5BE4D} = {841F7C91-1D32-3C99-B1AB-E08ECDFC1F85}
		{B06A14CF-F422-30AC-8985-E456F6DDF335} = {841F7C91-1D32-3C99-B1AB-E08ECDFC1F85}
		{2165BE84-1C2C-3EFF-9F49-68B222C5F80A} = {841F7C91-1D32-3C99-B1AB-E08ECDFC1F85}
	EndGlobalSection
	GlobalSection(ExtensibilityGlobals) = postSolution
		SolutionGuid = {65F597BB-6340-365C-8851-9920E3E6BA8C}
	EndGlobalSection
	GlobalSection(ExtensibilityAddIns) = postSolution
	EndGlobalSection
EndGlobal
