
Microsoft Visual Studio Solution File, Format Version 12.00
# Visual Studio Version 17
Project("{2150E333-8FDC-42A3-9474-1A3956D46DE8}") = "CMakePredefinedTargets", "CMakePredefinedTargets", "{841F7C91-1D32-3C99-B1AB-E08ECDFC1F85}"
EndProject
Project("{8BC9CEB8-8B4A-11D0-8D11-00A0C91BC942}") = "ALL_BUILD", "ALL_BUILD.vcxproj", "{1C0F2EAD-8552-39A9-B572-FA5066B5BE4D}"
	ProjectSection(ProjectDependencies) = postProject
		{2165BE84-1C2C-3EFF-9F49-68B222C5F80A} = {2165BE84-1C2C-3EFF-9F49-68B222C5F80A}
		{92060ABB-49C1-338C-A3C6-8AA9163B3352} = {92060ABB-49C1-338C-A3C6-8AA9163B3352}
		{49A713EB-60FA-3BBF-8AE3-03956842E383} = {49A713EB-60FA-3BBF-8AE3-03956842E383}
	EndProjectSection
EndProject
Project("{8BC9CEB8-8B4A-11D0-8D11-00A0C91BC942}") = "INSTALL", "INSTALL.vcxproj", "{B06A14CF-F422-30AC-8985-E456F6DDF335}"
	ProjectSection(ProjectDependencies) = postProject
		{1C0F2EAD-8552-39A9-B572-FA5066B5BE4D} = {1C0F2EAD-8552-39A9-B572-FA5066B5BE4D}
		{2165BE84-1C2C-3EFF-9F49-68B222C5F80A} = {2165BE84-1C2C-3EFF-9F49-68B222C5F80A}
	EndProjectSection
EndProject
Project("{8BC9CEB8-8B4A-11D0-8D11-00A0C91BC942}") = "ZERO_CHECK", "..\..\\ZERO_CHECK.vcxproj", "{2165BE84-1C2C-3EFF-9F49-68B222C5F80A}"
	ProjectSection(ProjectDependencies) = postProject
	EndProjectSection
EndProject
Project("{8BC9CEB8-8B4A-11D0-8D11-00A0C91BC942}") = "libglew_shared", "libglew_shared.vcxproj", "{92060ABB-49C1-338C-A3C6-8AA9163B3352}"
	ProjectSection(ProjectDependencies) = postProject
		{2165BE84-1C2C-3EFF-9F49-68B222C5F80A} = {2165BE84-1C2C-3EFF-9F49-68B222C5F80A}
	EndProjectSection
EndProject
Project("{8BC9CEB8-8B4A-11D0-8D11-00A0C91BC942}") = "libglew_static", "libglew_static.vcxproj", "{49A713EB-60FA-3BBF-8AE3-03956842E383}"
	ProjectSection(ProjectDependencies) = postProject
		{2165BE84-1C2C-3EFF-9F49-68B222C5F80A} = {2165BE84-1C2C-3EFF-9F49-68B222C5F80A}
	EndProjectSection
EndProject
Global
	GlobalSection(SolutionConfigurationPlatforms) = preSolution
		Debug|x64 = Debug|x64
		Release|x64 = Release|x64
		MinSizeRel|x64 = MinSizeRel|x64
		RelWithDebInfo|x64 = RelWithDebInfo|x64
	EndGlobalSection
	GlobalSection(ProjectConfigurationPlatforms) = postSolution
		{1C0F2EAD-8552-39A9-B572-FA5066B5BE4D}.Debug|x64.ActiveCfg = Debug|x64
		{1C0F2EAD-8552-39A9-B572-FA5066B5BE4D}.Debug|x64.Build.0 = Debug|x64
		{1C0F2EAD-8552-39A9-B572-FA5066B5BE4D}.Release|x64.ActiveCfg = Release|x64
		{1C0F2EAD-8552-39A9-B572-FA5066B5BE4D}.Release|x64.Build.0 = Release|x64
		{1C0F2EAD-8552-39A9-B572-FA5066B5BE4D}.MinSizeRel|x64.ActiveCfg = MinSizeRel|x64
		{1C0F2EAD-8552-39A9-B572-FA5066B5BE4D}.MinSizeRel|x64.Build.0 = MinSizeRel|x64
		{1C0F2EAD-8552-39A9-B572-FA5066B5BE4D}.RelWithDebInfo|x64.ActiveCfg = RelWithDebInfo|x64
		{1C0F2EAD-8552-39A9-B572-FA5066B5BE4D}.RelWithDebInfo|x64.Build.0 = RelWithDebInfo|x64
		{B06A14CF-F422-30AC-8985-E456F6DDF335}.Debug|x64.ActiveCfg = Debug|x64
		{B06A14CF-F422-30AC-8985-E456F6DDF335}.Release|x64.ActiveCfg = Release|x64
		{B06A14CF-F422-30AC-8985-E456F6DDF335}.MinSizeRel|x64.ActiveCfg = MinSizeRel|x64
		{B06A14CF-F422-30AC-8985-E456F6DDF335}.RelWithDebInfo|x64.ActiveCfg = RelWithDebInfo|x64
		{2165BE84-1C2C-3EFF-9F49-68B222C5F80A}.Debug|x64.ActiveCfg = Debug|x64
		{2165BE84-1C2C-3EFF-9F49-68B222C5F80A}.Debug|x64.Build.0 = Debug|x64
		{2165BE84-1C2C-3EFF-9F49-68B222C5F80A}.Release|x64.ActiveCfg = Release|x64
		{2165BE84-1C2C-3EFF-9F49-68B222C5F80A}.Release|x64.Build.0 = Release|x64
		{2165BE84-1C2C-3EFF-9F49-68B222C5F80A}.MinSizeRel|x64.ActiveCfg = MinSizeRel|x64
		{2165BE84-1C2C-3EFF-9F49-68B222C5F80A}.MinSizeRel|x64.Build.0 = MinSizeRel|x64
		{2165BE84-1C2C-3EFF-9F49-68B222C5F80A}.RelWithDebInfo|x64.ActiveCfg = RelWithDebInfo|x64
		{2165BE84-1C2C-3EFF-9F49-68B222C5F80A}.RelWithDebInfo|x64.Build.0 = RelWithDebInfo|x64
		{92060ABB-49C1-338C-A3C6-8AA9163B3352}.Debug|x64.ActiveCfg = Debug|x64
		{92060ABB-49C1-338C-A3C6-8AA9163B3352}.Debug|x64.Build.0 = Debug|x64
		{92060ABB-49C1-338C-A3C6-8AA9163B3352}.Release|x64.ActiveCfg = Release|x64
		{92060ABB-49C1-338C-A3C6-8AA9163B3352}.Release|x64.Build.0 = Release|x64
		{92060ABB-49C1-338C-A3C6-8AA9163B3352}.MinSizeRel|x64.ActiveCfg = MinSizeRel|x64
		{92060ABB-49C1-338C-A3C6-8AA9163B3352}.MinSizeRel|x64.Build.0 = MinSizeRel|x64
		{92060ABB-49C1-338C-A3C6-8AA9163B3352}.RelWithDebInfo|x64.ActiveCfg = RelWithDebInfo|x64
		{92060ABB-49C1-338C-A3C6-8AA9163B3352}.RelWithDebInfo|x64.Build.0 = RelWithDebInfo|x64
		{49A713EB-60FA-3BBF-8AE3-03956842E383}.Debug|x64.ActiveCfg = Debug|x64
		{49A713EB-60FA-3BBF-8AE3-03956842E383}.Debug|x64.Build.0 = Debug|x64
		{49A713EB-60FA-3BBF-8AE3-03956842E383}.Release|x64.ActiveCfg = Release|x64
		{49A713EB-60FA-3BBF-8AE3-03956842E383}.Release|x64.Build.0 = Release|x64
		{49A713EB-60FA-3BBF-8AE3-03956842E383}.MinSizeRel|x64.ActiveCfg = MinSizeRel|x64
		{49A713EB-60FA-3BBF-8AE3-03956842E383}.MinSizeRel|x64.Build.0 = MinSizeRel|x64
		{49A713EB-60FA-3BBF-8AE3-03956842E383}.RelWithDebInfo|x64.ActiveCfg = RelWithDebInfo|x64
		{49A713EB-60FA-3BBF-8AE3-03956842E383}.RelWithDebInfo|x64.Build.0 = RelWithDebInfo|x64
	EndGlobalSection
	GlobalSection(NestedProjects) = preSolution
		{1C0F2EAD-8552-39A9-B572-FA5066B5BE4D} = {841F7C91-1D32-3C99-B1AB-E08ECDFC1F85}
		{B06A14CF-F422-30AC-8985-E456F6DDF335} = {841F7C91-1D32-3C99-B1AB-E08ECDFC1F85}
		{2165BE84-1C2C-3EFF-9F49-68B222C5F80A} = {841F7C91-1D32-3C99-B1AB-E08ECDFC1F85}
	EndGlobalSection
	GlobalSection(ExtensibilityGlobals) = postSolution
		SolutionGuid = {6B83F0D1-2749-37E4-AF89-69DEA9EBB745}
	EndGlobalSection
	GlobalSection(ExtensibilityAddIns) = postSolution
	EndGlobalSection
EndGlobal
