
Microsoft Visual Studio Solution File, Format Version 12.00
# Visual Studio Version 17
Project("{2150E333-8FDC-42A3-9474-1A3956D46DE8}") = "CMakePredefinedTargets", "CMakePredefinedTargets", "{841F7C91-1D32-3C99-B1AB-E08ECDFC1F85}"
EndProject
Project("{2150E333-8FDC-42A3-9474-1A3956D46DE8}") = "GLFW3", "GLFW3", "{B0B3576A-7AAB-3C6C-BB34-082C331E9FA1}"
EndProject
Project("{8BC9CEB8-8B4A-11D0-8D11-00A0C91BC942}") = "ALL_BUILD", "ALL_BUILD.vcxproj", "{1C0F2EAD-8552-39A9-B572-FA5066B5BE4D}"
	ProjectSection(ProjectDependencies) = postProject
		{2165BE84-1C2C-3EFF-9F49-68B222C5F80A} = {2165BE84-1C2C-3EFF-9F49-68B222C5F80A}
		{D3E3CC7B-FC4F-3398-A142-6293B2184946} = {D3E3CC7B-FC4F-3398-A142-6293B2184946}
	EndProjectSection
EndProject
Project("{8BC9CEB8-8B4A-11D0-8D11-00A0C91BC942}") = "INSTALL", "INSTALL.vcxproj", "{B06A14CF-F422-30AC-8985-E456F6DDF335}"
	ProjectSection(ProjectDependencies) = postProject
		{1C0F2EAD-8552-39A9-B572-FA5066B5BE4D} = {1C0F2EAD-8552-39A9-B572-FA5066B5BE4D}
		{2165BE84-1C2C-3EFF-9F49-68B222C5F80A} = {2165BE84-1C2C-3EFF-9F49-68B222C5F80A}
	EndProjectSection
EndProject
Project("{8BC9CEB8-8B4A-11D0-8D11-00A0C91BC942}") = "ZERO_CHECK", "..\..\\ZERO_CHECK.vcxproj", "{2165BE84-1C2C-3EFF-9F49-68B222C5F80A}"
	ProjectSection(ProjectDependencies) = postProject
	EndProjectSection
EndProject
Project("{8BC9CEB8-8B4A-11D0-8D11-00A0C91BC942}") = "glfw", "src\glfw.vcxproj", "{D3E3CC7B-FC4F-3398-A142-6293B2184946}"
	ProjectSection(ProjectDependencies) = postProject
		{2165BE84-1C2C-3EFF-9F49-68B222C5F80A} = {2165BE84-1C2C-3EFF-9F49-68B222C5F80A}
	EndProjectSection
EndProject
Project("{8BC9CEB8-8B4A-11D0-8D11-00A0C91BC942}") = "uninstall", "uninstall.vcxproj", "{1FF4CE92-4C0D-3AD4-9A55-9FDCD22A5F41}"
	ProjectSection(ProjectDependencies) = postProject
		{2165BE84-1C2C-3EFF-9F49-68B222C5F80A} = {2165BE84-1C2C-3EFF-9F49-68B222C5F80A}
	EndProjectSection
EndProject
Project("{8BC9CEB8-8B4A-11D0-8D11-00A0C91BC942}") = "update_mappings", "src\update_mappings.vcxproj", "{91D1528D-4BAA-3EDF-8CDA-170946D0C97C}"
	ProjectSection(ProjectDependencies) = postProject
		{2165BE84-1C2C-3EFF-9F49-68B222C5F80A} = {2165BE84-1C2C-3EFF-9F49-68B222C5F80A}
	EndProjectSection
EndProject
Global
	GlobalSection(SolutionConfigurationPlatforms) = preSolution
		Debug|x64 = Debug|x64
		Release|x64 = Release|x64
		MinSizeRel|x64 = MinSizeRel|x64
		RelWithDebInfo|x64 = RelWithDebInfo|x64
	EndGlobalSection
	GlobalSection(ProjectConfigurationPlatforms) = postSolution
		{1C0F2EAD-8552-39A9-B572-FA5066B5BE4D}.Debug|x64.ActiveCfg = Debug|x64
		{1C0F2EAD-8552-39A9-B572-FA5066B5BE4D}.Debug|x64.Build.0 = Debug|x64
		{1C0F2EAD-8552-39A9-B572-FA5066B5BE4D}.Release|x64.ActiveCfg = Release|x64
		{1C0F2EAD-8552-39A9-B572-FA5066B5BE4D}.Release|x64.Build.0 = Release|x64
		{1C0F2EAD-8552-39A9-B572-FA5066B5BE4D}.MinSizeRel|x64.ActiveCfg = MinSizeRel|x64
		{1C0F2EAD-8552-39A9-B572-FA5066B5BE4D}.MinSizeRel|x64.Build.0 = MinSizeRel|x64
		{1C0F2EAD-8552-39A9-B572-FA5066B5BE4D}.RelWithDebInfo|x64.ActiveCfg = RelWithDebInfo|x64
		{1C0F2EAD-8552-39A9-B572-FA5066B5BE4D}.RelWithDebInfo|x64.Build.0 = RelWithDebInfo|x64
		{B06A14CF-F422-30AC-8985-E456F6DDF335}.Debug|x64.ActiveCfg = Debug|x64
		{B06A14CF-F422-30AC-8985-E456F6DDF335}.Release|x64.ActiveCfg = Release|x64
		{B06A14CF-F422-30AC-8985-E456F6DDF335}.MinSizeRel|x64.ActiveCfg = MinSizeRel|x64
		{B06A14CF-F422-30AC-8985-E456F6DDF335}.RelWithDebInfo|x64.ActiveCfg = RelWithDebInfo|x64
		{2165BE84-1C2C-3EFF-9F49-68B222C5F80A}.Debug|x64.ActiveCfg = Debug|x64
		{2165BE84-1C2C-3EFF-9F49-68B222C5F80A}.Debug|x64.Build.0 = Debug|x64
		{2165BE84-1C2C-3EFF-9F49-68B222C5F80A}.Release|x64.ActiveCfg = Release|x64
		{2165BE84-1C2C-3EFF-9F49-68B222C5F80A}.Release|x64.Build.0 = Release|x64
		{2165BE84-1C2C-3EFF-9F49-68B222C5F80A}.MinSizeRel|x64.ActiveCfg = MinSizeRel|x64
		{2165BE84-1C2C-3EFF-9F49-68B222C5F80A}.MinSizeRel|x64.Build.0 = MinSizeRel|x64
		{2165BE84-1C2C-3EFF-9F49-68B222C5F80A}.RelWithDebInfo|x64.ActiveCfg = RelWithDebInfo|x64
		{2165BE84-1C2C-3EFF-9F49-68B222C5F80A}.RelWithDebInfo|x64.Build.0 = RelWithDebInfo|x64
		{D3E3CC7B-FC4F-3398-A142-6293B2184946}.Debug|x64.ActiveCfg = Debug|x64
		{D3E3CC7B-FC4F-3398-A142-6293B2184946}.Debug|x64.Build.0 = Debug|x64
		{D3E3CC7B-FC4F-3398-A142-6293B2184946}.Release|x64.ActiveCfg = Release|x64
		{D3E3CC7B-FC4F-3398-A142-6293B2184946}.Release|x64.Build.0 = Release|x64
		{D3E3CC7B-FC4F-3398-A142-6293B2184946}.MinSizeRel|x64.ActiveCfg = MinSizeRel|x64
		{D3E3CC7B-FC4F-3398-A142-6293B2184946}.MinSizeRel|x64.Build.0 = MinSizeRel|x64
		{D3E3CC7B-FC4F-3398-A142-6293B2184946}.RelWithDebInfo|x64.ActiveCfg = RelWithDebInfo|x64
		{D3E3CC7B-FC4F-3398-A142-6293B2184946}.RelWithDebInfo|x64.Build.0 = RelWithDebInfo|x64
		{1FF4CE92-4C0D-3AD4-9A55-9FDCD22A5F41}.Debug|x64.ActiveCfg = Debug|x64
		{1FF4CE92-4C0D-3AD4-9A55-9FDCD22A5F41}.Release|x64.ActiveCfg = Release|x64
		{1FF4CE92-4C0D-3AD4-9A55-9FDCD22A5F41}.MinSizeRel|x64.ActiveCfg = MinSizeRel|x64
		{1FF4CE92-4C0D-3AD4-9A55-9FDCD22A5F41}.RelWithDebInfo|x64.ActiveCfg = RelWithDebInfo|x64
		{91D1528D-4BAA-3EDF-8CDA-170946D0C97C}.Debug|x64.ActiveCfg = Debug|x64
		{91D1528D-4BAA-3EDF-8CDA-170946D0C97C}.Release|x64.ActiveCfg = Release|x64
		{91D1528D-4BAA-3EDF-8CDA-170946D0C97C}.MinSizeRel|x64.ActiveCfg = MinSizeRel|x64
		{91D1528D-4BAA-3EDF-8CDA-170946D0C97C}.RelWithDebInfo|x64.ActiveCfg = RelWithDebInfo|x64
	EndGlobalSection
	GlobalSection(NestedProjects) = preSolution
		{1C0F2EAD-8552-39A9-B572-FA5066B5BE4D} = {841F7C91-1D32-3C99-B1AB-E08ECDFC1F85}
		{B06A14CF-F422-30AC-8985-E456F6DDF335} = {841F7C91-1D32-3C99-B1AB-E08ECDFC1F85}
		{2165BE84-1C2C-3EFF-9F49-68B222C5F80A} = {841F7C91-1D32-3C99-B1AB-E08ECDFC1F85}
		{D3E3CC7B-FC4F-3398-A142-6293B2184946} = {B0B3576A-7AAB-3C6C-BB34-082C331E9FA1}
		{1FF4CE92-4C0D-3AD4-9A55-9FDCD22A5F41} = {B0B3576A-7AAB-3C6C-BB34-082C331E9FA1}
		{91D1528D-4BAA-3EDF-8CDA-170946D0C97C} = {B0B3576A-7AAB-3C6C-BB34-082C331E9FA1}
	EndGlobalSection
	GlobalSection(ExtensibilityGlobals) = postSolution
		SolutionGuid = {B9A0AC8C-6936-3004-91DD-1B9BDFB81EBB}
	EndGlobalSection
	GlobalSection(ExtensibilityAddIns) = postSolution
	EndGlobalSection
EndGlobal
